
Microsoft Visual Studio Solution File, Format Version 12.00
# Visual Studio Version 17
VisualStudioVersion = 17.4.33213.308
MinimumVisualStudioVersion = 10.0.40219.1
Project("{9A19103F-16F7-4668-BE54-9A1E7A4F7556}") = "ProjetG2AdminDev", "ProjetG2AdminDev\ProjetG2AdminDev.csproj", "{1E92EDD0-DA28-4A20-9B45-5565922EF3F2}"
EndProject
Project("{FAE04EC0-301F-11D3-BF4B-00C04F79EFBC}") = "Client", "Client\Client.csproj", "{0674A928-9814-472D-849A-7FB3CF385AC8}"
EndProject
Project("{FAE04EC0-301F-11D3-BF4B-00C04F79EFBC}") = "CryptoSoft", "CryptoSoft\CryptoSoft.csproj", "{E8469E06-2633-423D-8E75-427D4B69AEAB}"
EndProject
Global
	GlobalSection(SolutionConfigurationPlatforms) = preSolution
		Debug|Any CPU = Debug|Any CPU
		Release|Any CPU = Release|Any CPU
	EndGlobalSection
	GlobalSection(ProjectConfigurationPlatforms) = postSolution
		{1E92EDD0-DA28-4A20-9B45-5565922EF3F2}.Debug|Any CPU.ActiveCfg = Debug|Any CPU
		{1E92EDD0-DA28-4A20-9B45-5565922EF3F2}.Debug|Any CPU.Build.0 = Debug|Any CPU
		{1E92EDD0-DA28-4A20-9B45-5565922EF3F2}.Release|Any CPU.ActiveCfg = Release|Any CPU
		{1E92EDD0-DA28-4A20-9B45-5565922EF3F2}.Release|Any CPU.Build.0 = Release|Any CPU
		{E8469E06-2633-423D-8E75-427D4B69AEAB}.Debug|Any CPU.ActiveCfg = Debug|Any CPU
		{E8469E06-2633-423D-8E75-427D4B69AEAB}.Debug|Any CPU.Build.0 = Debug|Any CPU
		{E8469E06-2633-423D-8E75-427D4B69AEAB}.Release|Any CPU.ActiveCfg = Release|Any CPU
		{E8469E06-2633-423D-8E75-427D4B69AEAB}.Release|Any CPU.Build.0 = Release|Any CPU
		{0674A928-9814-472D-849A-7FB3CF385AC8}.Debug|Any CPU.ActiveCfg = Debug|Any CPU
		{0674A928-9814-472D-849A-7FB3CF385AC8}.Debug|Any CPU.Build.0 = Debug|Any CPU
		{0674A928-9814-472D-849A-7FB3CF385AC8}.Release|Any CPU.ActiveCfg = Release|Any CPU
		{0674A928-9814-472D-849A-7FB3CF385AC8}.Release|Any CPU.Build.0 = Release|Any CPU
	EndGlobalSection
	GlobalSection(SolutionProperties) = preSolution
		HideSolutionNode = FALSE
	EndGlobalSection
	GlobalSection(ExtensibilityGlobals) = postSolution
		SolutionGuid = {F8B15939-BBE1-4836-ADBE-E5C17F20CCB4}
	EndGlobalSection
EndGlobal
